// !$*UTF8*$!
{
	archiveVersion = 1;
	classes = {
	};
	objectVersion = 46;
	objects = {

/* Begin PBXBuildFile section */
		2B8B41D317973162001BD966 /* main.cpp in Sources */ = {isa = PBXBuildFile; fileRef = 2B8B41D217973162001BD966 /* main.cpp */; };
		2B8B41DE17975E5B001BD966 /* Foo.cpp in Sources */ = {isa = PBXBuildFile; fileRef = 2B8B41DD17975E5B001BD966 /* Foo.cpp */; };
/* End PBXBuildFile section */

/* Begin PBXCopyFilesBuildPhase section */
		2B8B41CD17973162001BD966 /* CopyFiles */ = {
			isa = PBXCopyFilesBuildPhase;
			buildActionMask = 2147483647;
			dstPath = /usr/share/man/man1/;
			dstSubfolderSpec = 0;
			files = (
			);
			runOnlyForDeploymentPostprocessing = 1;
		};
/* End PBXCopyFilesBuildPhase section */

/* Begin PBXFileReference section */
		2B8B41CF17973162001BD966 /* smartptr */ = {isa = PBXFileReference; explicitFileType = "compiled.mach-o.executable"; includeInIndex = 0; path = smartptr; sourceTree = BUILT_PRODUCTS_DIR; };
		2B8B41D217973162001BD966 /* main.cpp */ = {isa = PBXFileReference; lastKnownFileType = sourcecode.cpp.cpp; path = main.cpp; sourceTree = "<group>"; };
		2B8B41DB17973199001BD966 /* smartptr.h */ = {isa = PBXFileReference; lastKnownFileType = sourcecode.c.h; path = smartptr.h; sourceTree = "<group>"; };
		2B8B41DC17975E12001BD966 /* Foo.h */ = {isa = PBXFileReference; lastKnownFileType = sourcecode.c.h; path = Foo.h; sourceTree = "<group>"; };
		2B8B41DD17975E5B001BD966 /* Foo.cpp */ = {isa = PBXFileReference; fileEncoding = 4; lastKnownFileType = sourcecode.cpp.cpp; path = Foo.cpp; sourceTree = "<group>"; };
/* End PBXFileReference section */

/* Begin PBXFrameworksBuildPhase section */
		2B8B41CC17973162001BD966 /* Frameworks */ = {
			isa = PBXFrameworksBuildPhase;
			buildActionMask = 2147483647;
			files = (
			);
			runOnlyForDeploymentPostprocessing = 0;
		};
/* End PBXFrameworksBuildPhase section */

/* Begin PBXGroup section */
		2B8B41C617973162001BD966 = {
			isa = PBXGroup;
			children = (
				2B8B41D117973162001BD966 /* smartptr */,
				2B8B41D017973162001BD966 /* Products */,
			);
			sourceTree = "<group>";
		};
		2B8B41D017973162001BD966 /* Products */ = {
			isa = PBXGroup;
			children = (
				2B8B41CF17973162001BD966 /* smartptr */,
			);
			name = Products;
			sourceTree = "<group>";
		};
		2B8B41D117973162001BD966 /* smartptr */ = {
			isa = PBXGroup;
			children = (
				2B8B41D217973162001BD966 /* main.cpp */,
				2B8B41DB17973199001BD966 /* smartptr.h */,
				2B8B41DC17975E12001BD966 /* Foo.h */,
				2B8B41DD17975E5B001BD966 /* Foo.cpp */,
			);
			path = smartptr;
			sourceTree = "<group>";
		};
/* End PBXGroup section */

/* Begin PBXNativeTarget section */
		2B8B41CE17973162001BD966 /* smartptr */ = {
			isa = PBXNativeTarget;
			buildConfigurationList = 2B8B41D817973162001BD966 /* Build configuration list for PBXNativeTarget "smartptr" */;
			buildPhases = (
				2B8B41CB17973162001BD966 /* Sources */,
				2B8B41CC17973162001BD966 /* Frameworks */,
				2B8B41CD17973162001BD966 /* CopyFiles */,
			);
			buildRules = (
			);
			dependencies = (
			);
			name = smartptr;
			productName = smartptr;
			productReference = 2B8B41CF17973162001BD966 /* smartptr */;
			productType = "com.apple.product-type.tool";
		};
/* End PBXNativeTarget section */

/* Begin PBXProject section */
		2B8B41C717973162001BD966 /* Project object */ = {
			isa = PBXProject;
			attributes = {
				LastUpgradeCheck = 0460;
				ORGANIZATIONNAME = "Daniel Hardman";
			};
			buildConfigurationList = 2B8B41CA17973162001BD966 /* Build configuration list for PBXProject "smartptr" */;
			compatibilityVersion = "Xcode 3.2";
			developmentRegion = English;
			hasScannedForEncodings = 0;
			knownRegions = (
				en,
			);
			mainGroup = 2B8B41C617973162001BD966;
			productRefGroup = 2B8B41D017973162001BD966 /* Products */;
			projectDirPath = "";
			projectRoot = "";
			targets = (
				2B8B41CE17973162001BD966 /* smartptr */,
			);
		};
/* End PBXProject section */

/* Begin PBXSourcesBuildPhase section */
		2B8B41CB17973162001BD966 /* Sources */ = {
			isa = PBXSourcesBuildPhase;
			buildActionMask = 2147483647;
			files = (
				2B8B41D317973162001BD966 /* main.cpp in Sources */,
				2B8B41DE17975E5B001BD966 /* Foo.cpp in Sources */,
			);
			runOnlyForDeploymentPostprocessing = 0;
		};
/* End PBXSourcesBuildPhase section */

/* Begin XCBuildConfiguration section */
		2B8B41D617973162001BD966 /* Debug */ = {
			isa = XCBuildConfiguration;
			buildSettings = {
				ALWAYS_SEARCH_USER_PATHS = NO;
				ARCHS = "$(ARCHS_STANDARD_64_BIT)";
				CLANG_CXX_LANGUAGE_STANDARD = "c++0x";
				CLANG_CXX_LIBRARY = "libc++";
				CLANG_WARN_CONSTANT_CONVERSION = YES;
				CLANG_WARN_EMPTY_BODY = YES;
				CLANG_WARN_ENUM_CONVERSION = YES;
				CLANG_WARN_INT_CONVERSION = YES;
				CLANG_WARN__DUPLICATE_METHOD_MATCH = YES;
				COPY_PHASE_STRIP = NO;
				GCC_C_LANGUAGE_STANDARD = gnu99;
				GCC_DYNAMIC_NO_PIC = NO;
				GCC_ENABLE_OBJC_EXCEPTIONS = YES;
				GCC_OPTIMIZATION_LEVEL = 0;
				GCC_PREPROCESSOR_DEFINITIONS = (
					"DEBUG=1",
					"$(inherited)",
				);
				GCC_SYMBOLS_PRIVATE_EXTERN = NO;
				GCC_WARN_64_TO_32_BIT_CONVERSION = YES;
				GCC_WARN_ABOUT_RETURN_TYPE = YES;
				GCC_WARN_UNINITIALIZED_AUTOS = YES;
				GCC_WARN_UNUSED_VARIABLE = YES;
				MACOSX_DEPLOYMENT_TARGET = 10.8;
				ONLY_ACTIVE_ARCH = YES;
				SDKROOT = macosx;
			};
			name = Debug;
		};
		2B8B41D717973162001BD966 /* Release */ = {
			isa = XCBuildConfiguration;
			buildSettings = {
				ALWAYS_SEARCH_USER_PATHS = NO;
				ARCHS = "$(ARCHS_STANDARD_64_BIT)";
				CLANG_CXX_LANGUAGE_STANDARD = "c++0x";
				CLANG_CXX_LIBRARY = "libc++";
				CLANG_WARN_CONSTANT_CONVERSION = YES;
				CLANG_WARN_EMPTY_BODY = YES;
				CLANG_WARN_ENUM_CONVERSION = YES;
				CLANG_WARN_INT_CONVERSION = YES;
				CLANG_WARN__DUPLICATE_METHOD_MATCH = YES;
				COPY_PHASE_STRIP = YES;
				DEBUG_INFORMATION_FORMAT = "dwarf-with-dsym";
				GCC_C_LANGUAGE_STANDARD = gnu99;
				GCC_ENABLE_OBJC_EXCEPTIONS = YES;
				GCC_WARN_64_TO_32_BIT_CONVERSION = YES;
				GCC_WARN_ABOUT_RETURN_TYPE = YES;
				GCC_WARN_UNINITIALIZED_AUTOS = YES;
				GCC_WARN_UNUSED_VARIABLE = YES;
				MACOSX_DEPLOYMENT_TARGET = 10.8;
				SDKROOT = macosx;
			};
			name = Release;
		};
		2B8B41D917973162001BD966 /* Debug */ = {
			isa = XCBuildConfiguration;
			buildSettings = {
				PRODUCT_NAME = "$(TARGET_NAME)";
			};
			name = Debug;
		};
		2B8B41DA17973162001BD966 /* Release */ = {
			isa = XCBuildConfiguration;
			buildSettings = {
				PRODUCT_NAME = "$(TARGET_NAME)";
			};
			name = Release;
		};
/* End XCBuildConfiguration section */

/* Begin XCConfigurationList section */
		2B8B41CA17973162001BD966 /* Build configuration list for PBXProject "smartptr" */ = {
			isa = XCConfigurationList;
			buildConfigurations = (
				2B8B41D617973162001BD966 /* Debug */,
				2B8B41D717973162001BD966 /* Release */,
			);
			defaultConfigurationIsVisible = 0;
			defaultConfigurationName = Release;
		};
		2B8B41D817973162001BD966 /* Build configuration list for PBXNativeTarget "smartptr" */ = {
			isa = XCConfigurationList;
			buildConfigurations = (
				2B8B41D917973162001BD966 /* Debug */,
				2B8B41DA17973162001BD966 /* Release */,
			);
			defaultConfigurationIsVisible = 0;
		};
/* End XCConfigurationList section */
	};
	rootObject = 2B8B41C717973162001BD966 /* Project object */;
}
